<?xml version="1.0" encoding="utf-8"?>
<Project ToolsVersion="4.0" xmlns="http://schemas.microsoft.com/developer/msbuild/2003">
  <ItemGroup>
    <Filter Include="소스 파일">
      <UniqueIdentifier>{4FC737F1-C7A5-4376-A066-2A32D752A2FF}</UniqueIdentifier>
      <Extensions>cpp;c;cc;cxx;def;odl;idl;hpj;bat;asm;asmx</Extensions>
    </Filter>
    <Filter Include="헤더 파일">
      <UniqueIdentifier>{93995380-89BD-4b04-88EB-625FBE52EBFB}</UniqueIdentifier>
      <Extensions>h;hh;hpp;hxx;hm;inl;inc;ipp;xsd</Extensions>
    </Filter>
    <Filter Include="리소스 파일">
      <UniqueIdentifier>{67DA6AB6-F800-4c08-8B7A-83BB121AAD01}</UniqueIdentifier>
      <Extensions>rc;ico;cur;bmp;dlg;rc2;rct;bin;rgs;gif;jpg;jpeg;jpe;resx;tiff;tif;png;wav;mfcribbon-ms</Extensions>
    </Filter>
  </ItemGroup>
  <ItemGroup>
    <ClCompile Include="CConsole.c">
      <Filter>소스 파일</Filter>
    </ClCompile>
  </ItemGroup>
  <ItemGroup>
    <ClInclude Include="resource.h">
      <Filter>헤더 파일</Filter>
    </ClInclude>
  </ItemGroup>
  <ItemGroup>
    <ResourceCompile Include="CConsoleGame4.rc">
      <Filter>리소스 파일</Filter>
    </ResourceCompile>
  </ItemGroup>
  <ItemGroup>
    <Image Include="..\..\..\..\Desktop\Kang\CConM\P1Box1.bmp">
      <Filter>리소스 파일</Filter>
    </Image>
    <Image Include="..\..\..\..\Desktop\Kang\CConM\P1Box2.bmp">
      <Filter>리소스 파일</Filter>
    </Image>
    <Image Include="..\..\..\..\Desktop\Kang\CConM\P1Box3.bmp">
      <Filter>리소스 파일</Filter>
    </Image>
    <Image Include="..\..\..\..\Desktop\Kang\CConM\P1Box4.bmp">
      <Filter>리소스 파일</Filter>
    </Image>
    <Image Include="..\..\..\..\Desktop\Kang\CConM\Map2.bmp">
      <Filter>리소스 파일</Filter>
    </Image>
    <Image Include="..\..\..\..\Desktop\Kang\CConM\stickF1.bmp">
      <Filter>리소스 파일</Filter>
    </Image>
    <Image Include="..\..\..\..\Desktop\Kang\CConM\stickF2.bmp">
      <Filter>리소스 파일</Filter>
    </Image>
    <Image Include="..\..\..\..\Desktop\Kang\CConM\stickF3.bmp">
      <Filter>리소스 파일</Filter>
    </Image>
    <Image Include="..\..\..\..\Desktop\Kang\CConM\stickF4.bmp">
      <Filter>리소스 파일</Filter>
    </Image>
    <Image Include="..\..\..\..\Desktop\Kang\CConM\stickF5.bmp">
      <Filter>리소스 파일</Filter>
    </Image>
    <Image Include="..\..\..\..\Desktop\Kang\CConM\stickF6.bmp">
      <Filter>리소스 파일</Filter>
    </Image>
    <Image Include="..\..\..\..\Desktop\Kang\CConM\stickF7.bmp">
      <Filter>리소스 파일</Filter>
    </Image>
    <Image Include="..\..\..\..\Desktop\Kang\CConM\stickF.bmp">
      <Filter>리소스 파일</Filter>
    </Image>
    <Image Include="..\..\..\..\Desktop\Kang\CConM\stickF0.bmp">
      <Filter>리소스 파일</Filter>
    </Image>
    <Image Include="..\..\..\..\..\..\CConM\P1BigBox1.bmp">
      <Filter>리소스 파일</Filter>
    </Image>
    <Image Include="..\..\..\..\..\..\CConM\P1BigBox2.bmp">
      <Filter>리소스 파일</Filter>
    </Image>
    <Image Include="..\..\..\..\Desktop\Kang\CConM\P1BigBox3.bmp">
      <Filter>리소스 파일</Filter>
    </Image>
    <Image Include="..\..\..\..\Desktop\Kang\CConM\P1BigBox4.bmp">
      <Filter>리소스 파일</Filter>
    </Image>
    <Image Include="..\..\..\..\Desktop\Kang\CConM\P1FBox1.bmp">
      <Filter>리소스 파일</Filter>
    </Image>
    <Image Include="..\..\..\..\Desktop\Kang\CConM\P1FBox2.bmp">
      <Filter>리소스 파일</Filter>
    </Image>
    <Image Include="..\..\..\..\Desktop\Kang\CConM\P1FBox3.bmp">
      <Filter>리소스 파일</Filter>
    </Image>
    <Image Include="..\..\..\..\Desktop\Kang\CConM\P1FBox4.bmp">
      <Filter>리소스 파일</Filter>
    </Image>
    <Image Include="..\..\..\..\Desktop\Kang\CConM\BoxstickF.bmp">
      <Filter>리소스 파일</Filter>
    </Image>
    <Image Include="..\..\..\..\Desktop\Kang\CConM\BoxstickF0.bmp">
      <Filter>리소스 파일</Filter>
    </Image>
    <Image Include="..\..\..\..\Desktop\Kang\CConM\BstickF1.bmp">
      <Filter>리소스 파일</Filter>
    </Image>
    <Image Include="..\..\..\..\Desktop\Kang\CConM\BstickF2.bmp">
      <Filter>리소스 파일</Filter>
    </Image>
    <Image Include="..\..\..\..\Desktop\Kang\CConM\BstickF3.bmp">
      <Filter>리소스 파일</Filter>
    </Image>
    <Image Include="..\..\..\..\Desktop\Kang\CConM\BstickF4.bmp">
      <Filter>리소스 파일</Filter>
    </Image>
    <Image Include="..\..\..\..\Desktop\Kang\CConM\BstickF5.bmp">
      <Filter>리소스 파일</Filter>
    </Image>
    <Image Include="..\..\..\..\Desktop\Kang\CConM\BstickF6.bmp">
      <Filter>리소스 파일</Filter>
    </Image>
    <Image Include="..\..\..\..\Desktop\Kang\CConM\BstickF7.bmp">
      <Filter>리소스 파일</Filter>
    </Image>
    <Image Include="..\..\..\..\Desktop\Kang\CConM\BoardBack.bmp">
      <Filter>리소스 파일</Filter>
    </Image>
    <Image Include="..\..\..\..\Desktop\Kang\CConM\StampCursor.bmp">
      <Filter>리소스 파일</Filter>
    </Image>
    <Image Include="..\..\..\..\Desktop\Kang\CConM\Dojang.bmp">
      <Filter>리소스 파일</Filter>
    </Image>
    <Image Include="..\..\..\..\Desktop\Kang\CConM\MiniBox.bmp">
      <Filter>리소스 파일</Filter>
    </Image>
    <Image Include="..\..\..\..\Desktop\Kang\CConM\ClassStick.bmp">
      <Filter>리소스 파일</Filter>
    </Image>
    <Image Include="..\..\..\..\Desktop\Kang\CConM\MapConT.bmp">
      <Filter>리소스 파일</Filter>
    </Image>
    <Image Include="..\..\..\..\Desktop\Kang\CConM\Ph2Truck1.bmp">
      <Filter>리소스 파일</Filter>
    </Image>
    <Image Include="..\..\..\..\Desktop\Kang\CConM\Ph2Truck2.bmp">
      <Filter>리소스 파일</Filter>
    </Image>
    <Image Include="..\..\..\..\Desktop\Kang\CConM\Ph2House1.bmp">
      <Filter>리소스 파일</Filter>
    </Image>
    <Image Include="..\..\..\..\Desktop\Kang\CConM\Ph2House3.bmp">
      <Filter>리소스 파일</Filter>
    </Image>
    <Image Include="..\..\..\..\Desktop\Kang\CConM\Ph2House2.bmp">
      <Filter>리소스 파일</Filter>
    </Image>
    <Image Include="..\..\..\..\Desktop\Kang\CConM\Phone.bmp">
      <Filter>리소스 파일</Filter>
    </Image>
    <Image Include="..\..\..\..\Desktop\Kang\CConM\ChatGood.bmp">
      <Filter>리소스 파일</Filter>
    </Image>
    <Image Include="..\..\..\..\Desktop\Kang\CConM\ChatSad.bmp">
      <Filter>리소스 파일</Filter>
    </Image>
    <Image Include="..\..\..\..\Desktop\Kang\CConM\Ph2House1OK.bmp">
      <Filter>리소스 파일</Filter>
    </Image>
    <Image Include="..\..\..\..\Desktop\Kang\CConM\Ph2House2OK.bmp">
      <Filter>리소스 파일</Filter>
    </Image>
    <Image Include="..\..\..\..\Desktop\Kang\CConM\Ph2House3OK.bmp">
      <Filter>리소스 파일</Filter>
    </Image>
    <Image Include="..\..\..\..\Desktop\Kang\CConM\gay.bmp">
      <Filter>리소스 파일</Filter>
    </Image>
    <Image Include="..\..\..\..\Desktop\Kang\CConM\GayBack.bmp">
      <Filter>리소스 파일</Filter>
    </Image>
    <Image Include="..\..\..\..\Desktop\Kang\CConM\TruckNext.bmp">
      <Filter>리소스 파일</Filter>
    </Image>
    <Image Include="..\..\..\..\Desktop\Kang\CConM\MapLast.bmp">
      <Filter>리소스 파일</Filter>
    </Image>
    <Image Include="..\..\..\..\Desktop\Kang\CConM\End1.bmp">
      <Filter>리소스 파일</Filter>
    </Image>
    <Image Include="..\..\..\..\Desktop\Kang\CConM\End2.bmp">
      <Filter>리소스 파일</Filter>
    </Image>
    <Image Include="..\..\..\..\Desktop\Kang\CConM\End3.bmp">
      <Filter>리소스 파일</Filter>
    </Image>
    <Image Include="..\..\..\..\Desktop\Kang\CConM\Ph2House1FX.bmp">
      <Filter>리소스 파일</Filter>
    </Image>
    <Image Include="..\..\..\..\Desktop\Kang\CConM\Ph2House2FX.bmp">
      <Filter>리소스 파일</Filter>
    </Image>
    <Image Include="..\..\..\..\Desktop\Kang\CConM\Ph2House3FX.bmp">
      <Filter>리소스 파일</Filter>
    </Image>
    <Image Include="..\..\..\..\Desktop\Kang\CConM\LeaderBoard.bmp">
      <Filter>리소스 파일</Filter>
    </Image>
    <Image Include="..\..\..\..\Desktop\Kang\CConM\LeaderBoardInput.bmp">
      <Filter>리소스 파일</Filter>
    </Image>
    <Image Include="..\..\..\..\..\..\CConM\P1Box1.bmp">
      <Filter>리소스 파일</Filter>
    </Image>
    <Image Include="..\..\..\..\..\..\CConM\P1Box2.bmp">
      <Filter>리소스 파일</Filter>
    </Image>
    <Image Include="..\..\..\..\..\..\CConM\P1Box3.bmp">
      <Filter>리소스 파일</Filter>
    </Image>
    <Image Include="..\..\..\..\..\..\CConM\P1Box4.bmp">
      <Filter>리소스 파일</Filter>
    </Image>
    <Image Include="..\..\..\..\..\..\CConM\P1BigBox3.bmp">
      <Filter>리소스 파일</Filter>
    </Image>
    <Image Include="..\..\..\..\..\..\CConM\P1BigBox4.bmp">
      <Filter>리소스 파일</Filter>
    </Image>
    <Image Include="..\..\..\..\..\..\CConM\Map2.bmp">
      <Filter>리소스 파일</Filter>
    </Image>
    <Image Include="..\..\..\..\..\..\CConM\P1FBox1.bmp">
      <Filter>리소스 파일</Filter>
    </Image>
    <Image Include="..\..\..\..\..\..\CConM\P1FBox2.bmp">
      <Filter>리소스 파일</Filter>
    </Image>
    <Image Include="..\..\..\..\..\..\CConM\P1FBox3.bmp">
      <Filter>리소스 파일</Filter>
    </Image>
    <Image Include="..\..\..\..\..\..\CConM\P1FBox4.bmp">
      <Filter>리소스 파일</Filter>
    </Image>
    <Image Include="..\..\..\..\..\..\CConM\BoxstickF.bmp">
      <Filter>리소스 파일</Filter>
    </Image>
    <Image Include="..\..\..\..\..\..\CConM\BoxstickF0.bmp">
      <Filter>리소스 파일</Filter>
    </Image>
    <Image Include="..\..\..\..\..\..\CConM\BstickF1.bmp">
      <Filter>리소스 파일</Filter>
    </Image>
    <Image Include="..\..\..\..\..\..\CConM\BstickF2.bmp">
      <Filter>리소스 파일</Filter>
    </Image>
    <Image Include="..\..\..\..\..\..\CConM\BstickF3.bmp">
      <Filter>리소스 파일</Filter>
    </Image>
    <Image Include="..\..\..\..\..\..\CConM\BstickF4.bmp">
      <Filter>리소스 파일</Filter>
    </Image>
    <Image Include="..\..\..\..\..\..\CConM\BstickF5.bmp">
      <Filter>리소스 파일</Filter>
    </Image>
    <Image Include="..\..\..\..\..\..\CConM\BstickF6.bmp">
      <Filter>리소스 파일</Filter>
    </Image>
    <Image Include="..\..\..\..\..\..\CConM\BstickF7.bmp">
      <Filter>리소스 파일</Filter>
    </Image>
    <Image Include="..\..\..\..\..\..\CConM\Dojang.bmp">
      <Filter>리소스 파일</Filter>
    </Image>
    <Image Include="..\..\..\..\..\..\CConM\ClassStick.bmp">
      <Filter>리소스 파일</Filter>
    </Image>
    <Image Include="..\..\..\..\..\..\CConM\ChatGood.bmp">
      <Filter>리소스 파일</Filter>
    </Image>
    <Image Include="..\..\..\..\..\..\CConM\ChatSad.bmp">
      <Filter>리소스 파일</Filter>
    </Image>
    <Image Include="..\..\..\..\..\..\CConM\gay.bmp">
      <Filter>리소스 파일</Filter>
    </Image>
    <Image Include="..\..\..\..\..\..\CConM\GayBack.bmp">
      <Filter>리소스 파일</Filter>
    </Image>
    <Image Include="..\..\..\..\..\..\CConM\End1.bmp">
      <Filter>리소스 파일</Filter>
    </Image>
    <Image Include="..\..\..\..\..\..\CConM\End2.bmp">
      <Filter>리소스 파일</Filter>
    </Image>
    <Image Include="..\..\..\..\..\..\CConM\End3.bmp">
      <Filter>리소스 파일</Filter>
    </Image>
    <Image Include="..\..\..\..\..\..\CConM\Ph2House1FX.bmp">
      <Filter>리소스 파일</Filter>
    </Image>
    <Image Include="..\..\..\..\..\..\CConM\Ph2House2FX.bmp">
      <Filter>리소스 파일</Filter>
    </Image>
    <Image Include="..\..\..\..\..\..\CConM\Ph2House3FX.bmp">
      <Filter>리소스 파일</Filter>
    </Image>
    <Image Include="..\..\..\..\..\..\CConM\LeaderBoard.bmp">
      <Filter>리소스 파일</Filter>
    </Image>
    <Image Include="..\..\..\..\..\..\CConM\LeaderBoardInput.bmp">
      <Filter>리소스 파일</Filter>
    </Image>
    <Image Include="..\..\..\..\..\..\CConM\stickF1.bmp">
      <Filter>리소스 파일</Filter>
    </Image>
    <Image Include="..\..\..\..\..\..\CConM\stickF2.bmp">
      <Filter>리소스 파일</Filter>
    </Image>
    <Image Include="..\..\..\..\..\..\CConM\stickF3.bmp">
      <Filter>리소스 파일</Filter>
    </Image>
    <Image Include="..\..\..\..\..\..\CConM\stickF.bmp">
      <Filter>리소스 파일</Filter>
    </Image>
    <Image Include="..\..\..\..\..\..\CConM\stickF0.bmp">
      <Filter>리소스 파일</Filter>
    </Image>
    <Image Include="..\..\..\..\..\..\CConM\BoardBack.bmp">
      <Filter>리소스 파일</Filter>
    </Image>
    <Image Include="..\..\..\..\..\..\CConM\StampCursor.bmp">
      <Filter>리소스 파일</Filter>
    </Image>
    <Image Include="..\..\..\..\..\..\CConM\MiniBox.bmp">
      <Filter>리소스 파일</Filter>
    </Image>
    <Image Include="..\..\..\..\..\..\CConM\MapConT.bmp">
      <Filter>리소스 파일</Filter>
    </Image>
    <Image Include="..\..\..\..\..\..\CConM\Ph2House1.bmp">
      <Filter>리소스 파일</Filter>
    </Image>
    <Image Include="..\..\..\..\..\..\CConM\Ph2House3.bmp">
      <Filter>리소스 파일</Filter>
    </Image>
    <Image Include="..\..\..\..\..\..\CConM\Ph2House2.bmp">
      <Filter>리소스 파일</Filter>
    </Image>
    <Image Include="..\..\..\..\..\..\CConM\Phone.bmp">
      <Filter>리소스 파일</Filter>
    </Image>
    <Image Include="..\..\..\..\..\..\CConM\Ph2House1OK.bmp">
      <Filter>리소스 파일</Filter>
    </Image>
    <Image Include="..\..\..\..\..\..\CConM\Ph2House2OK.bmp">
      <Filter>리소스 파일</Filter>
    </Image>
    <Image Include="..\..\..\..\..\..\CConM\Ph2House3OK.bmp">
      <Filter>리소스 파일</Filter>
    </Image>
    <Image Include="..\..\..\..\..\..\CConM\MapLast.bmp">
      <Filter>리소스 파일</Filter>
    </Image>
    <Image Include="..\..\..\..\..\..\CConM\stickF4.bmp">
      <Filter>리소스 파일</Filter>
    </Image>
    <Image Include="..\..\..\..\..\..\CConM\stickF5.bmp">
      <Filter>리소스 파일</Filter>
    </Image>
    <Image Include="..\..\..\..\..\..\CConM\stickF6.bmp">
      <Filter>리소스 파일</Filter>
    </Image>
    <Image Include="..\..\..\..\..\..\CConM\stickF7.bmp">
      <Filter>리소스 파일</Filter>
    </Image>
    <Image Include="..\..\..\..\..\..\CConM\Ph2Truck1.bmp">
      <Filter>리소스 파일</Filter>
    </Image>
    <Image Include="..\..\..\..\..\..\CConM\Ph2Truck2.bmp">
      <Filter>리소스 파일</Filter>
    </Image>
    <Image Include="..\..\..\..\..\..\CConM\TruckNext.bmp">
      <Filter>리소스 파일</Filter>
    </Image>
  </ItemGroup>
</Project>